<?xml version="1.0" encoding="utf-8"?>
<Project ToolsVersion="4.0" xmlns="http://schemas.microsoft.com/developer/msbuild/2003">
  <ItemGroup>
    <Filter Include="src">
      <UniqueIdentifier>{943dd72e-4a81-4d3d-a5c1-19acc356ba25}</UniqueIdentifier>
    </Filter>
    <Filter Include="src\Source Files">
      <UniqueIdentifier>{4FC737F1-C7A5-4376-A066-2A32D752A2FF}</UniqueIdentifier>
      <Extensions>cpp;c;cc;cxx;def;odl;idl;hpj;bat;asm;asmx</Extensions>
    </Filter>
    <Filter Include="include">
      <UniqueIdentifier>{0afd5cc5-a99e-4917-934e-734f47efcec0}</UniqueIdentifier>
    </Filter>
    <Filter Include="include\Header Files">
      <UniqueIdentifier>{93995380-89BD-4b04-88EB-625FBE52EBFB}</UniqueIdentifier>
      <Extensions>h;hh;hpp;hxx;hm;inl;inc;ipp;xsd</Extensions>
    </Filter>
  </ItemGroup>
  <ItemGroup>
    <ClCompile Include="src\environment.cpp">
      <Filter>src\Source Files</Filter>
    </ClCompile>
    <ClCompile Include="src\main.cpp">
      <Filter>src\Source Files</Filter>
    </ClCompile>
    <ClCompile Include="src\robot.cpp">
      <Filter>src\Source Files</Filter>
    </ClCompile>
    <ClCompile Include="src\pointsList.cpp">
      <Filter>src\Source Files</Filter>
    </ClCompile>
    <ClCompile Include="src\simController.cpp">
      <Filter>src\Source Files</Filter>
    </ClCompile>
    <ClCompile Include="src\field.cpp">
      <Filter>src\Source Files</Filter>
    </ClCompile>
    <ClCompile Include="src\javaProcess.cpp">
      <Filter>src\Source Files</Filter>
    </ClCompile>
    <ClCompile Include="src\utils.cpp">
      <Filter>src\Source Files</Filter>
    </ClCompile>
  </ItemGroup>
  <ItemGroup>
    <ClInclude Include="include\constants.hpp">
      <Filter>include\Header Files</Filter>
    </ClInclude>
    <ClInclude Include="include\environment.hpp">
      <Filter>include\Header Files</Filter>
    </ClInclude>
    <ClInclude Include="include\robot.hpp">
      <Filter>include\Header Files</Filter>
    </ClInclude>
    <ClInclude Include="include\main.hpp">
      <Filter>include\Header Files</Filter>
    </ClInclude>
    <ClInclude Include="include\structs.hpp">
      <Filter>include\Header Files</Filter>
    </ClInclude>
    <ClInclude Include="include\pointsList.hpp">
      <Filter>include\Header Files</Filter>
    </ClInclude>
    <ClInclude Include="include\simController.hpp">
      <Filter>include\Header Files</Filter>
    </ClInclude>
    <ClInclude Include="include\field.hpp">
      <Filter>include\Header Files</Filter>
    </ClInclude>
    <ClInclude Include="include\javaProcess.hpp">
      <Filter>include\Header Files</Filter>
    </ClInclude>
    <ClInclude Include="include\sfLine.hpp">
      <Filter>include\Header Files</Filter>
    </ClInclude>
    <ClInclude Include="include\utils.hpp">
      <Filter>include\Header Files</Filter>
    </ClInclude>
  </ItemGroup>
</Project>